// !$*UTF8*$!
{
	archiveVersion = 1;
	classes = {
	};
	objectVersion = 46;
	objects = {

/* Begin PBXBuildFile section */
		368670CA0C009F0D1F059C7F /* bang.png in Resources */ = {isa = PBXBuildFile; fileRef = 36867277A3CBA5B51467245A /* bang.png */; };
		36867476A5A2229142E0D25A /* BaseViewWithBall.m in Sources */ = {isa = PBXBuildFile; fileRef = 368677B8ACB8306D4A48C8F9 /* BaseViewWithBall.m */; };
		368674F1613E5B8466D7DEA9 /* AdvancedAttachmentView.m in Sources */ = {isa = PBXBuildFile; fileRef = 3686777677F30452D18AC00B /* AdvancedAttachmentView.m */; };
		3686759D50AAFEBEA0786997 /* BallView.m in Sources */ = {isa = PBXBuildFile; fileRef = 36867D45EBFDA080F4EF81B7 /* BallView.m */; };
		368675E8F0104D18D8B3C91F /* GravityView.m in Sources */ = {isa = PBXBuildFile; fileRef = 36867320683C7687BA6B208F /* GravityView.m */; };
		3686775E1916DCD6540F2499 /* MainViewController.m in Sources */ = {isa = PBXBuildFile; fileRef = 368671A593EC171709730665 /* MainViewController.m */; };
		368677F7E5305344700D83B3 /* UIView+Category.m in Sources */ = {isa = PBXBuildFile; fileRef = 36867B35E773912E92684883 /* UIView+Category.m */; };
		3686795E2E8F3BD26C14BD34 /* PushView.m in Sources */ = {isa = PBXBuildFile; fileRef = 368676DE8D250DABA0520C5B /* PushView.m */; };
		36867B128C249E5B2ECC54A0 /* AttachmentView.m in Sources */ = {isa = PBXBuildFile; fileRef = 368671F44B8F18A61F0BD490 /* AttachmentView.m */; };
		36867BF87EEA7BF2A94FC3DD /* CollisionView.m in Sources */ = {isa = PBXBuildFile; fileRef = 36867B4262C15CCD89BF5349 /* CollisionView.m */; };
		36867F489959D69986906F7A /* SnapView.m in Sources */ = {isa = PBXBuildFile; fileRef = 368677AFB50647B915E69099 /* SnapView.m */; };
		36867FAF75CAC11275429C03 /* GeneralViewController.m in Sources */ = {isa = PBXBuildFile; fileRef = 36867E83A6D2325CEE84E199 /* GeneralViewController.m */; };
		49C3E9D3182C3870002D8841 /* Foundation.framework in Frameworks */ = {isa = PBXBuildFile; fileRef = 49C3E9D2182C3870002D8841 /* Foundation.framework */; };
		49C3E9D5182C3870002D8841 /* CoreGraphics.framework in Frameworks */ = {isa = PBXBuildFile; fileRef = 49C3E9D4182C3870002D8841 /* CoreGraphics.framework */; };
		49C3E9D7182C3870002D8841 /* UIKit.framework in Frameworks */ = {isa = PBXBuildFile; fileRef = 49C3E9D6182C3870002D8841 /* UIKit.framework */; };
		49C3E9DD182C3870002D8841 /* InfoPlist.strings in Resources */ = {isa = PBXBuildFile; fileRef = 49C3E9DB182C3870002D8841 /* InfoPlist.strings */; };
		49C3E9DF182C3870002D8841 /* main.m in Sources */ = {isa = PBXBuildFile; fileRef = 49C3E9DE182C3870002D8841 /* main.m */; };
		49C3E9E3182C3870002D8841 /* AppDelegate.m in Sources */ = {isa = PBXBuildFile; fileRef = 49C3E9E2182C3870002D8841 /* AppDelegate.m */; };
		49C3E9E5182C3870002D8841 /* Images.xcassets in Resources */ = {isa = PBXBuildFile; fileRef = 49C3E9E4182C3870002D8841 /* Images.xcassets */; };
		49C3E9EC182C3870002D8841 /* XCTest.framework in Frameworks */ = {isa = PBXBuildFile; fileRef = 49C3E9EB182C3870002D8841 /* XCTest.framework */; };
		49C3E9ED182C3870002D8841 /* Foundation.framework in Frameworks */ = {isa = PBXBuildFile; fileRef = 49C3E9D2182C3870002D8841 /* Foundation.framework */; };
		49C3E9EE182C3870002D8841 /* UIKit.framework in Frameworks */ = {isa = PBXBuildFile; fileRef = 49C3E9D6182C3870002D8841 /* UIKit.framework */; };
		49C3E9F6182C3870002D8841 /* InfoPlist.strings in Resources */ = {isa = PBXBuildFile; fileRef = 49C3E9F4182C3870002D8841 /* InfoPlist.strings */; };
		49C3E9F8182C3870002D8841 /* UIDynamicExampleTests.m in Sources */ = {isa = PBXBuildFile; fileRef = 49C3E9F7182C3870002D8841 /* UIDynamicExampleTests.m */; };
/* End PBXBuildFile section */

/* Begin PBXContainerItemProxy section */
		49C3E9EF182C3870002D8841 /* PBXContainerItemProxy */ = {
			isa = PBXContainerItemProxy;
			containerPortal = 49C3E9C7182C3870002D8841 /* Project object */;
			proxyType = 1;
			remoteGlobalIDString = 49C3E9CE182C3870002D8841;
			remoteInfo = UIDynamicExample;
		};
/* End PBXContainerItemProxy section */

/* Begin PBXFileReference section */
		3686701A253292024D2B34B0 /* BaseViewWithBall.h */ = {isa = PBXFileReference; fileEncoding = 4; lastKnownFileType = sourcecode.c.h; path = BaseViewWithBall.h; sourceTree = "<group>"; };
		36867196D14AE983965C51FC /* MainViewController.h */ = {isa = PBXFileReference; fileEncoding = 4; lastKnownFileType = sourcecode.c.h; path = MainViewController.h; sourceTree = "<group>"; };
		368671A593EC171709730665 /* MainViewController.m */ = {isa = PBXFileReference; fileEncoding = 4; lastKnownFileType = sourcecode.c.objc; path = MainViewController.m; sourceTree = "<group>"; };
		368671F44B8F18A61F0BD490 /* AttachmentView.m */ = {isa = PBXFileReference; fileEncoding = 4; lastKnownFileType = sourcecode.c.objc; path = AttachmentView.m; sourceTree = "<group>"; };
		36867277A3CBA5B51467245A /* bang.png */ = {isa = PBXFileReference; lastKnownFileType = image.png; path = bang.png; sourceTree = "<group>"; };
		36867320683C7687BA6B208F /* GravityView.m */ = {isa = PBXFileReference; fileEncoding = 4; lastKnownFileType = sourcecode.c.objc; path = GravityView.m; sourceTree = "<group>"; };
		368673E18CE48D8F215866EF /* GravityView.h */ = {isa = PBXFileReference; fileEncoding = 4; lastKnownFileType = sourcecode.c.h; path = GravityView.h; sourceTree = "<group>"; };
		3686742482EACF6B0AFCD013 /* CollisionView.h */ = {isa = PBXFileReference; fileEncoding = 4; lastKnownFileType = sourcecode.c.h; path = CollisionView.h; sourceTree = "<group>"; };
		368674C3276016F775A49EB5 /* SnapView.h */ = {isa = PBXFileReference; fileEncoding = 4; lastKnownFileType = sourcecode.c.h; path = SnapView.h; sourceTree = "<group>"; };
		3686753E320B7F2B2138FDBC /* UIView+Category.h */ = {isa = PBXFileReference; fileEncoding = 4; lastKnownFileType = sourcecode.c.h; path = "UIView+Category.h"; sourceTree = "<group>"; };
		368676DE8D250DABA0520C5B /* PushView.m */ = {isa = PBXFileReference; fileEncoding = 4; lastKnownFileType = sourcecode.c.objc; path = PushView.m; sourceTree = "<group>"; };
		3686777677F30452D18AC00B /* AdvancedAttachmentView.m */ = {isa = PBXFileReference; fileEncoding = 4; lastKnownFileType = sourcecode.c.objc; path = AdvancedAttachmentView.m; sourceTree = "<group>"; };
		368677AFB50647B915E69099 /* SnapView.m */ = {isa = PBXFileReference; fileEncoding = 4; lastKnownFileType = sourcecode.c.objc; path = SnapView.m; sourceTree = "<group>"; };
		368677B8ACB8306D4A48C8F9 /* BaseViewWithBall.m */ = {isa = PBXFileReference; fileEncoding = 4; lastKnownFileType = sourcecode.c.objc; path = BaseViewWithBall.m; sourceTree = "<group>"; };
		36867B33DBB6BF02774E19E2 /* AdvancedAttachmentView.h */ = {isa = PBXFileReference; fileEncoding = 4; lastKnownFileType = sourcecode.c.h; path = AdvancedAttachmentView.h; sourceTree = "<group>"; };
		36867B35E773912E92684883 /* UIView+Category.m */ = {isa = PBXFileReference; fileEncoding = 4; lastKnownFileType = sourcecode.c.objc; path = "UIView+Category.m"; sourceTree = "<group>"; };
		36867B4262C15CCD89BF5349 /* CollisionView.m */ = {isa = PBXFileReference; fileEncoding = 4; lastKnownFileType = sourcecode.c.objc; path = CollisionView.m; sourceTree = "<group>"; };
		36867C3485AF735A3908C6A9 /* AttachmentView.h */ = {isa = PBXFileReference; fileEncoding = 4; lastKnownFileType = sourcecode.c.h; path = AttachmentView.h; sourceTree = "<group>"; };
		36867CA4A747D03A620ED60D /* PushView.h */ = {isa = PBXFileReference; fileEncoding = 4; lastKnownFileType = sourcecode.c.h; path = PushView.h; sourceTree = "<group>"; };
		36867D45EBFDA080F4EF81B7 /* BallView.m */ = {isa = PBXFileReference; fileEncoding = 4; lastKnownFileType = sourcecode.c.objc; path = BallView.m; sourceTree = "<group>"; };
		36867E0FD884AB598F05B55C /* GeneralViewController.h */ = {isa = PBXFileReference; fileEncoding = 4; lastKnownFileType = sourcecode.c.h; path = GeneralViewController.h; sourceTree = "<group>"; };
		36867E395943025C40C01040 /* BallView.h */ = {isa = PBXFileReference; fileEncoding = 4; lastKnownFileType = sourcecode.c.h; path = BallView.h; sourceTree = "<group>"; };
		36867E83A6D2325CEE84E199 /* GeneralViewController.m */ = {isa = PBXFileReference; fileEncoding = 4; lastKnownFileType = sourcecode.c.objc; path = GeneralViewController.m; sourceTree = "<group>"; };
		49C3E9CF182C3870002D8841 /* UIDynamicExample.app */ = {isa = PBXFileReference; explicitFileType = wrapper.application; includeInIndex = 0; path = UIDynamicExample.app; sourceTree = BUILT_PRODUCTS_DIR; };
		49C3E9D2182C3870002D8841 /* Foundation.framework */ = {isa = PBXFileReference; lastKnownFileType = wrapper.framework; name = Foundation.framework; path = System/Library/Frameworks/Foundation.framework; sourceTree = SDKROOT; };
		49C3E9D4182C3870002D8841 /* CoreGraphics.framework */ = {isa = PBXFileReference; lastKnownFileType = wrapper.framework; name = CoreGraphics.framework; path = System/Library/Frameworks/CoreGraphics.framework; sourceTree = SDKROOT; };
		49C3E9D6182C3870002D8841 /* UIKit.framework */ = {isa = PBXFileReference; lastKnownFileType = wrapper.framework; name = UIKit.framework; path = System/Library/Frameworks/UIKit.framework; sourceTree = SDKROOT; };
		49C3E9DA182C3870002D8841 /* UIDynamicExample-Info.plist */ = {isa = PBXFileReference; lastKnownFileType = text.plist.xml; path = "UIDynamicExample-Info.plist"; sourceTree = "<group>"; };
		49C3E9DC182C3870002D8841 /* en */ = {isa = PBXFileReference; lastKnownFileType = text.plist.strings; name = en; path = en.lproj/InfoPlist.strings; sourceTree = "<group>"; };
		49C3E9DE182C3870002D8841 /* main.m */ = {isa = PBXFileReference; lastKnownFileType = sourcecode.c.objc; path = main.m; sourceTree = "<group>"; };
		49C3E9E0182C3870002D8841 /* UIDynamicExample-Prefix.pch */ = {isa = PBXFileReference; lastKnownFileType = sourcecode.c.h; path = "UIDynamicExample-Prefix.pch"; sourceTree = "<group>"; };
		49C3E9E1182C3870002D8841 /* AppDelegate.h */ = {isa = PBXFileReference; lastKnownFileType = sourcecode.c.h; path = AppDelegate.h; sourceTree = "<group>"; };
		49C3E9E2182C3870002D8841 /* AppDelegate.m */ = {isa = PBXFileReference; lastKnownFileType = sourcecode.c.objc; path = AppDelegate.m; sourceTree = "<group>"; };
		49C3E9E4182C3870002D8841 /* Images.xcassets */ = {isa = PBXFileReference; lastKnownFileType = folder.assetcatalog; path = Images.xcassets; sourceTree = "<group>"; };
		49C3E9EA182C3870002D8841 /* UIDynamicExampleTests.xctest */ = {isa = PBXFileReference; explicitFileType = wrapper.cfbundle; includeInIndex = 0; path = UIDynamicExampleTests.xctest; sourceTree = BUILT_PRODUCTS_DIR; };
		49C3E9EB182C3870002D8841 /* XCTest.framework */ = {isa = PBXFileReference; lastKnownFileType = wrapper.framework; name = XCTest.framework; path = Library/Frameworks/XCTest.framework; sourceTree = DEVELOPER_DIR; };
		49C3E9F3182C3870002D8841 /* UIDynamicExampleTests-Info.plist */ = {isa = PBXFileReference; lastKnownFileType = text.plist.xml; path = "UIDynamicExampleTests-Info.plist"; sourceTree = "<group>"; };
		49C3E9F5182C3870002D8841 /* en */ = {isa = PBXFileReference; lastKnownFileType = text.plist.strings; name = en; path = en.lproj/InfoPlist.strings; sourceTree = "<group>"; };
		49C3E9F7182C3870002D8841 /* UIDynamicExampleTests.m */ = {isa = PBXFileReference; lastKnownFileType = sourcecode.c.objc; path = UIDynamicExampleTests.m; sourceTree = "<group>"; };
/* End PBXFileReference section */

/* Begin PBXFrameworksBuildPhase section */
		49C3E9CC182C3870002D8841 /* Frameworks */ = {
			isa = PBXFrameworksBuildPhase;
			buildActionMask = 2147483647;
			files = (
				49C3E9D5182C3870002D8841 /* CoreGraphics.framework in Frameworks */,
				49C3E9D7182C3870002D8841 /* UIKit.framework in Frameworks */,
				49C3E9D3182C3870002D8841 /* Foundation.framework in Frameworks */,
			);
			runOnlyForDeploymentPostprocessing = 0;
		};
		49C3E9E7182C3870002D8841 /* Frameworks */ = {
			isa = PBXFrameworksBuildPhase;
			buildActionMask = 2147483647;
			files = (
				49C3E9EC182C3870002D8841 /* XCTest.framework in Frameworks */,
				49C3E9EE182C3870002D8841 /* UIKit.framework in Frameworks */,
				49C3E9ED182C3870002D8841 /* Foundation.framework in Frameworks */,
			);
			runOnlyForDeploymentPostprocessing = 0;
		};
/* End PBXFrameworksBuildPhase section */

/* Begin PBXGroup section */
		3686760C54320CFEC30B51EC /* Views */ = {
			isa = PBXGroup;
			children = (
				36867320683C7687BA6B208F /* GravityView.m */,
				368673E18CE48D8F215866EF /* GravityView.h */,
				36867D45EBFDA080F4EF81B7 /* BallView.m */,
				36867E395943025C40C01040 /* BallView.h */,
				36867B4262C15CCD89BF5349 /* CollisionView.m */,
				3686742482EACF6B0AFCD013 /* CollisionView.h */,
				368677B8ACB8306D4A48C8F9 /* BaseViewWithBall.m */,
				3686701A253292024D2B34B0 /* BaseViewWithBall.h */,
				368671F44B8F18A61F0BD490 /* AttachmentView.m */,
				36867C3485AF735A3908C6A9 /* AttachmentView.h */,
				3686777677F30452D18AC00B /* AdvancedAttachmentView.m */,
				36867B33DBB6BF02774E19E2 /* AdvancedAttachmentView.h */,
				368677AFB50647B915E69099 /* SnapView.m */,
				368674C3276016F775A49EB5 /* SnapView.h */,
				368676DE8D250DABA0520C5B /* PushView.m */,
				36867CA4A747D03A620ED60D /* PushView.h */,
				36867B35E773912E92684883 /* UIView+Category.m */,
				3686753E320B7F2B2138FDBC /* UIView+Category.h */,
			);
			path = Views;
			sourceTree = "<group>";
		};
		36867A4F6D6D00F660D17072 /* ViewControllers */ = {
			isa = PBXGroup;
			children = (
				36867E83A6D2325CEE84E199 /* GeneralViewController.m */,
				36867E0FD884AB598F05B55C /* GeneralViewController.h */,
			);
			path = ViewControllers;
			sourceTree = "<group>";
		};
		49C3E9C6182C3870002D8841 = {
			isa = PBXGroup;
			children = (
				49C3E9D8182C3870002D8841 /* UIDynamicExample */,
				49C3E9F1182C3870002D8841 /* UIDynamicExampleTests */,
				49C3E9D1182C3870002D8841 /* Frameworks */,
				49C3E9D0182C3870002D8841 /* Products */,
			);
			sourceTree = "<group>";
		};
		49C3E9D0182C3870002D8841 /* Products */ = {
			isa = PBXGroup;
			children = (
				49C3E9CF182C3870002D8841 /* UIDynamicExample.app */,
				49C3E9EA182C3870002D8841 /* UIDynamicExampleTests.xctest */,
			);
			name = Products;
			sourceTree = "<group>";
		};
		49C3E9D1182C3870002D8841 /* Frameworks */ = {
			isa = PBXGroup;
			children = (
				49C3E9D2182C3870002D8841 /* Foundation.framework */,
				49C3E9D4182C3870002D8841 /* CoreGraphics.framework */,
				49C3E9D6182C3870002D8841 /* UIKit.framework */,
				49C3E9EB182C3870002D8841 /* XCTest.framework */,
			);
			name = Frameworks;
			sourceTree = "<group>";
		};
		49C3E9D8182C3870002D8841 /* UIDynamicExample */ = {
			isa = PBXGroup;
			children = (
				49C3E9E1182C3870002D8841 /* AppDelegate.h */,
				49C3E9E2182C3870002D8841 /* AppDelegate.m */,
				49C3E9E4182C3870002D8841 /* Images.xcassets */,
				49C3E9D9182C3870002D8841 /* Supporting Files */,
				368671A593EC171709730665 /* MainViewController.m */,
				36867196D14AE983965C51FC /* MainViewController.h */,
				36867A4F6D6D00F660D17072 /* ViewControllers */,
				3686760C54320CFEC30B51EC /* Views */,
				36867277A3CBA5B51467245A /* bang.png */,
			);
			path = UIDynamicExample;
			sourceTree = "<group>";
		};
		49C3E9D9182C3870002D8841 /* Supporting Files */ = {
			isa = PBXGroup;
			children = (
				49C3E9DA182C3870002D8841 /* UIDynamicExample-Info.plist */,
				49C3E9DB182C3870002D8841 /* InfoPlist.strings */,
				49C3E9DE182C3870002D8841 /* main.m */,
				49C3E9E0182C3870002D8841 /* UIDynamicExample-Prefix.pch */,
			);
			name = "Supporting Files";
			sourceTree = "<group>";
		};
		49C3E9F1182C3870002D8841 /* UIDynamicExampleTests */ = {
			isa = PBXGroup;
			children = (
				49C3E9F7182C3870002D8841 /* UIDynamicExampleTests.m */,
				49C3E9F2182C3870002D8841 /* Supporting Files */,
			);
			path = UIDynamicExampleTests;
			sourceTree = "<group>";
		};
		49C3E9F2182C3870002D8841 /* Supporting Files */ = {
			isa = PBXGroup;
			children = (
				49C3E9F3182C3870002D8841 /* UIDynamicExampleTests-Info.plist */,
				49C3E9F4182C3870002D8841 /* InfoPlist.strings */,
			);
			name = "Supporting Files";
			sourceTree = "<group>";
		};
/* End PBXGroup section */

/* Begin PBXNativeTarget section */
		49C3E9CE182C3870002D8841 /* UIDynamicExample */ = {
			isa = PBXNativeTarget;
			buildConfigurationList = 49C3E9FB182C3870002D8841 /* Build configuration list for PBXNativeTarget "UIDynamicExample" */;
			buildPhases = (
				49C3E9CB182C3870002D8841 /* Sources */,
				49C3E9CC182C3870002D8841 /* Frameworks */,
				49C3E9CD182C3870002D8841 /* Resources */,
			);
			buildRules = (
			);
			dependencies = (
			);
			name = UIDynamicExample;
			productName = UIDynamicExample;
			productReference = 49C3E9CF182C3870002D8841 /* UIDynamicExample.app */;
			productType = "com.apple.product-type.application";
		};
		49C3E9E9182C3870002D8841 /* UIDynamicExampleTests */ = {
			isa = PBXNativeTarget;
			buildConfigurationList = 49C3E9FE182C3870002D8841 /* Build configuration list for PBXNativeTarget "UIDynamicExampleTests" */;
			buildPhases = (
				49C3E9E6182C3870002D8841 /* Sources */,
				49C3E9E7182C3870002D8841 /* Frameworks */,
				49C3E9E8182C3870002D8841 /* Resources */,
			);
			buildRules = (
			);
			dependencies = (
				49C3E9F0182C3870002D8841 /* PBXTargetDependency */,
			);
			name = UIDynamicExampleTests;
			productName = UIDynamicExampleTests;
			productReference = 49C3E9EA182C3870002D8841 /* UIDynamicExampleTests.xctest */;
			productType = "com.apple.product-type.bundle.unit-test";
		};
/* End PBXNativeTarget section */

/* Begin PBXProject section */
		49C3E9C7182C3870002D8841 /* Project object */ = {
			isa = PBXProject;
			attributes = {
				LastUpgradeCheck = 0500;
				TargetAttributes = {
					49C3E9E9182C3870002D8841 = {
						TestTargetID = 49C3E9CE182C3870002D8841 /* UIDynamicExample */;
					};
				};
			};
			buildConfigurationList = 49C3E9CA182C3870002D8841 /* Build configuration list for PBXProject "UIDynamicExample" */;
			compatibilityVersion = "Xcode 3.2";
			developmentRegion = English;
			hasScannedForEncodings = 0;
			knownRegions = (
				en,
			);
			mainGroup = 49C3E9C6182C3870002D8841;
			productRefGroup = 49C3E9D0182C3870002D8841 /* Products */;
			projectDirPath = "";
			projectRoot = "";
			targets = (
				49C3E9CE182C3870002D8841 /* UIDynamicExample */,
				49C3E9E9182C3870002D8841 /* UIDynamicExampleTests */,
			);
		};
/* End PBXProject section */

/* Begin PBXResourcesBuildPhase section */
		49C3E9CD182C3870002D8841 /* Resources */ = {
			isa = PBXResourcesBuildPhase;
			buildActionMask = 2147483647;
			files = (
				49C3E9DD182C3870002D8841 /* InfoPlist.strings in Resources */,
				49C3E9E5182C3870002D8841 /* Images.xcassets in Resources */,
				368670CA0C009F0D1F059C7F /* bang.png in Resources */,
			);
			runOnlyForDeploymentPostprocessing = 0;
		};
		49C3E9E8182C3870002D8841 /* Resources */ = {
			isa = PBXResourcesBuildPhase;
			buildActionMask = 2147483647;
			files = (
				49C3E9F6182C3870002D8841 /* InfoPlist.strings in Resources */,
			);
			runOnlyForDeploymentPostprocessing = 0;
		};
/* End PBXResourcesBuildPhase section */

/* Begin PBXSourcesBuildPhase section */
		49C3E9CB182C3870002D8841 /* Sources */ = {
			isa = PBXSourcesBuildPhase;
			buildActionMask = 2147483647;
			files = (
				49C3E9E3182C3870002D8841 /* AppDelegate.m in Sources */,
				49C3E9DF182C3870002D8841 /* main.m in Sources */,
				3686775E1916DCD6540F2499 /* MainViewController.m in Sources */,
				368675E8F0104D18D8B3C91F /* GravityView.m in Sources */,
				3686759D50AAFEBEA0786997 /* BallView.m in Sources */,
				36867BF87EEA7BF2A94FC3DD /* CollisionView.m in Sources */,
				36867476A5A2229142E0D25A /* BaseViewWithBall.m in Sources */,
				36867B128C249E5B2ECC54A0 /* AttachmentView.m in Sources */,
				36867FAF75CAC11275429C03 /* GeneralViewController.m in Sources */,
				368674F1613E5B8466D7DEA9 /* AdvancedAttachmentView.m in Sources */,
				36867F489959D69986906F7A /* SnapView.m in Sources */,
				3686795E2E8F3BD26C14BD34 /* PushView.m in Sources */,
				368677F7E5305344700D83B3 /* UIView+Category.m in Sources */,
			);
			runOnlyForDeploymentPostprocessing = 0;
		};
		49C3E9E6182C3870002D8841 /* Sources */ = {
			isa = PBXSourcesBuildPhase;
			buildActionMask = 2147483647;
			files = (
				49C3E9F8182C3870002D8841 /* UIDynamicExampleTests.m in Sources */,
			);
			runOnlyForDeploymentPostprocessing = 0;
		};
/* End PBXSourcesBuildPhase section */

/* Begin PBXTargetDependency section */
		49C3E9F0182C3870002D8841 /* PBXTargetDependency */ = {
			isa = PBXTargetDependency;
			target = 49C3E9CE182C3870002D8841 /* UIDynamicExample */;
			targetProxy = 49C3E9EF182C3870002D8841 /* PBXContainerItemProxy */;
		};
/* End PBXTargetDependency section */

/* Begin PBXVariantGroup section */
		49C3E9DB182C3870002D8841 /* InfoPlist.strings */ = {
			isa = PBXVariantGroup;
			children = (
				49C3E9DC182C3870002D8841 /* en */,
			);
			name = InfoPlist.strings;
			sourceTree = "<group>";
		};
		49C3E9F4182C3870002D8841 /* InfoPlist.strings */ = {
			isa = PBXVariantGroup;
			children = (
				49C3E9F5182C3870002D8841 /* en */,
			);
			name = InfoPlist.strings;
			sourceTree = "<group>";
		};
/* End PBXVariantGroup section */

/* Begin XCBuildConfiguration section */
		49C3E9F9182C3870002D8841 /* Debug */ = {
			isa = XCBuildConfiguration;
			buildSettings = {
				ALWAYS_SEARCH_USER_PATHS = NO;
				ARCHS = "$(ARCHS_STANDARD_INCLUDING_64_BIT)";
				CLANG_CXX_LANGUAGE_STANDARD = "gnu++0x";
				CLANG_CXX_LIBRARY = "libc++";
				CLANG_ENABLE_MODULES = YES;
				CLANG_ENABLE_OBJC_ARC = YES;
				CLANG_WARN_BOOL_CONVERSION = YES;
				CLANG_WARN_CONSTANT_CONVERSION = YES;
				CLANG_WARN_DIRECT_OBJC_ISA_USAGE = YES_ERROR;
				CLANG_WARN_EMPTY_BODY = YES;
				CLANG_WARN_ENUM_CONVERSION = YES;
				CLANG_WARN_INT_CONVERSION = YES;
				CLANG_WARN_OBJC_ROOT_CLASS = YES_ERROR;
				CLANG_WARN__DUPLICATE_METHOD_MATCH = YES;
				"CODE_SIGN_IDENTITY[sdk=iphoneos*]" = "iPhone Developer";
				COPY_PHASE_STRIP = NO;
				GCC_C_LANGUAGE_STANDARD = gnu99;
				GCC_DYNAMIC_NO_PIC = NO;
				GCC_OPTIMIZATION_LEVEL = 0;
				GCC_PREPROCESSOR_DEFINITIONS = (
					"DEBUG=1",
					"$(inherited)",
				);
				GCC_SYMBOLS_PRIVATE_EXTERN = NO;
				GCC_WARN_64_TO_32_BIT_CONVERSION = YES;
				GCC_WARN_ABOUT_RETURN_TYPE = YES_ERROR;
				GCC_WARN_UNDECLARED_SELECTOR = YES;
				GCC_WARN_UNINITIALIZED_AUTOS = YES;
				GCC_WARN_UNUSED_FUNCTION = YES;
				GCC_WARN_UNUSED_VARIABLE = YES;
				IPHONEOS_DEPLOYMENT_TARGET = 7.0;
				ONLY_ACTIVE_ARCH = YES;
				SDKROOT = iphoneos;
			};
			name = Debug;
		};
		49C3E9FA182C3870002D8841 /* Release */ = {
			isa = XCBuildConfiguration;
			buildSettings = {
				ALWAYS_SEARCH_USER_PATHS = NO;
				ARCHS = "$(ARCHS_STANDARD_INCLUDING_64_BIT)";
				CLANG_CXX_LANGUAGE_STANDARD = "gnu++0x";
				CLANG_CXX_LIBRARY = "libc++";
				CLANG_ENABLE_MODULES = YES;
				CLANG_ENABLE_OBJC_ARC = YES;
				CLANG_WARN_BOOL_CONVERSION = YES;
				CLANG_WARN_CONSTANT_CONVERSION = YES;
				CLANG_WARN_DIRECT_OBJC_ISA_USAGE = YES_ERROR;
				CLANG_WARN_EMPTY_BODY = YES;
				CLANG_WARN_ENUM_CONVERSION = YES;
				CLANG_WARN_INT_CONVERSION = YES;
				CLANG_WARN_OBJC_ROOT_CLASS = YES_ERROR;
				CLANG_WARN__DUPLICATE_METHOD_MATCH = YES;
				"CODE_SIGN_IDENTITY[sdk=iphoneos*]" = "iPhone Developer";
				COPY_PHASE_STRIP = YES;
				ENABLE_NS_ASSERTIONS = NO;
				GCC_C_LANGUAGE_STANDARD = gnu99;
				GCC_WARN_64_TO_32_BIT_CONVERSION = YES;
				GCC_WARN_ABOUT_RETURN_TYPE = YES_ERROR;
				GCC_WARN_UNDECLARED_SELECTOR = YES;
				GCC_WARN_UNINITIALIZED_AUTOS = YES;
				GCC_WARN_UNUSED_FUNCTION = YES;
				GCC_WARN_UNUSED_VARIABLE = YES;
				IPHONEOS_DEPLOYMENT_TARGET = 7.0;
				SDKROOT = iphoneos;
				VALIDATE_PRODUCT = YES;
			};
			name = Release;
		};
		49C3E9FC182C3870002D8841 /* Debug */ = {
			isa = XCBuildConfiguration;
			buildSettings = {
				ASSETCATALOG_COMPILER_APPICON_NAME = AppIcon;
				ASSETCATALOG_COMPILER_LAUNCHIMAGE_NAME = LaunchImage;
				GCC_PRECOMPILE_PREFIX_HEADER = YES;
				GCC_PREFIX_HEADER = "UIDynamicExample/UIDynamicExample-Prefix.pch";
				INFOPLIST_FILE = "UIDynamicExample/UIDynamicExample-Info.plist";
				PRODUCT_NAME = "$(TARGET_NAME)";
				WRAPPER_EXTENSION = app;
			};
			name = Debug;
		};
		49C3E9FD182C3870002D8841 /* Release */ = {
			isa = XCBuildConfiguration;
			buildSettings = {
				ASSETCATALOG_COMPILER_APPICON_NAME = AppIcon;
				ASSETCATALOG_COMPILER_LAUNCHIMAGE_NAME = LaunchImage;
				GCC_PRECOMPILE_PREFIX_HEADER = YES;
				GCC_PREFIX_HEADER = "UIDynamicExample/UIDynamicExample-Prefix.pch";
				INFOPLIST_FILE = "UIDynamicExample/UIDynamicExample-Info.plist";
				PRODUCT_NAME = "$(TARGET_NAME)";
				WRAPPER_EXTENSION = app;
			};
			name = Release;
		};
		49C3E9FF182C3870002D8841 /* Debug */ = {
			isa = XCBuildConfiguration;
			buildSettings = {
				ARCHS = "$(ARCHS_STANDARD_INCLUDING_64_BIT)";
				BUNDLE_LOADER = "$(BUILT_PRODUCTS_DIR)/UIDynamicExample.app/UIDynamicExample";
				FRAMEWORK_SEARCH_PATHS = (
					"$(SDKROOT)/Developer/Library/Frameworks",
					"$(inherited)",
					"$(DEVELOPER_FRAMEWORKS_DIR)",
				);
				GCC_PRECOMPILE_PREFIX_HEADER = YES;
				GCC_PREFIX_HEADER = "UIDynamicExample/UIDynamicExample-Prefix.pch";
				GCC_PREPROCESSOR_DEFINITIONS = (
					"DEBUG=1",
					"$(inherited)",
				);
				INFOPLIST_FILE = "UIDynamicExampleTests/UIDynamicExampleTests-Info.plist";
				PRODUCT_NAME = "$(TARGET_NAME)";
				TEST_HOST = "$(BUNDLE_LOADER)";
				WRAPPER_EXTENSION = xctest;
			};
			name = Debug;
		};
		49C3EA00182C3870002D8841 /* Release */ = {
			isa = XCBuildConfiguration;
			buildSettings = {
				ARCHS = "$(ARCHS_STANDARD_INCLUDING_64_BIT)";
				BUNDLE_LOADER = "$(BUILT_PRODUCTS_DIR)/UIDynamicExample.app/UIDynamicExample";
				FRAMEWORK_SEARCH_PATHS = (
					"$(SDKROOT)/Developer/Library/Frameworks",
					"$(inherited)",
					"$(DEVELOPER_FRAMEWORKS_DIR)",
				);
				GCC_PRECOMPILE_PREFIX_HEADER = YES;
				GCC_PREFIX_HEADER = "UIDynamicExample/UIDynamicExample-Prefix.pch";
				INFOPLIST_FILE = "UIDynamicExampleTests/UIDynamicExampleTests-Info.plist";
				PRODUCT_NAME = "$(TARGET_NAME)";
				TEST_HOST = "$(BUNDLE_LOADER)";
				WRAPPER_EXTENSION = xctest;
			};
			name = Release;
		};
/* End XCBuildConfiguration section */

/* Begin XCConfigurationList section */
		49C3E9CA182C3870002D8841 /* Build configuration list for PBXProject "UIDynamicExample" */ = {
			isa = XCConfigurationList;
			buildConfigurations = (
				49C3E9F9182C3870002D8841 /* Debug */,
				49C3E9FA182C3870002D8841 /* Release */,
			);
			defaultConfigurationIsVisible = 0;
			defaultConfigurationName = Release;
		};
		49C3E9FB182C3870002D8841 /* Build configuration list for PBXNativeTarget "UIDynamicExample" */ = {
			isa = XCConfigurationList;
			buildConfigurations = (
				49C3E9FC182C3870002D8841 /* Debug */,
				49C3E9FD182C3870002D8841 /* Release */,
			);
			defaultConfigurationIsVisible = 0;
		};
		49C3E9FE182C3870002D8841 /* Build configuration list for PBXNativeTarget "UIDynamicExampleTests" */ = {
			isa = XCConfigurationList;
			buildConfigurations = (
				49C3E9FF182C3870002D8841 /* Debug */,
				49C3EA00182C3870002D8841 /* Release */,
			);
			defaultConfigurationIsVisible = 0;
		};
/* End XCConfigurationList section */
	};
	rootObject = 49C3E9C7182C3870002D8841 /* Project object */;
}
